
Microsoft Visual Studio Solution File, Format Version 12.00
# Visual Studio Version 17
VisualStudioVersion = 17.12.35728.132
MinimumVisualStudioVersion = 10.0.40219.1
Project("{FAE04EC0-301F-11D3-BF4B-00C04F79EFBC}") = "001- write & read", "001- write & read\001- write & read.csproj", "{8A7B7668-9642-410B-9C8D-9FDC3698D09C}"
EndProject
Project("{FAE04EC0-301F-11D3-BF4B-00C04F79EFBC}") = "002 - condition", "002 - condition\002 - condition.csproj", "{1E3E8C78-AD96-474E-9C3F-CD3B6562B1E5}"
EndProject
Project("{FAE04EC0-301F-11D3-BF4B-00C04F79EFBC}") = "003 - casting", "003 - casting\003 - casting.csproj", "{05DA1CD6-8142-4C14-91C4-231618AE8EC8}"
EndProject
Project("{FAE04EC0-301F-11D3-BF4B-00C04F79EFBC}") = "004 - loops", "004 - loops\004 - loops.csproj", "{F02B4DD7-F081-42C7-A70B-696C1C826FB3}"
EndProject
Project("{FAE04EC0-301F-11D3-BF4B-00C04F79EFBC}") = "005 - method", "005 - method\005 - method.csproj", "{1EDA86FC-ED36-43F7-B9B0-4168B67803A1}"
EndProject
Project("{FAE04EC0-301F-11D3-BF4B-00C04F79EFBC}") = "008 - practice1 - calculator", "008 - practice - calculator\008 - practice1 - calculator.csproj", "{8E0E8693-63BF-4F19-BC23-75552C229C49}"
EndProject
Project("{FAE04EC0-301F-11D3-BF4B-00C04F79EFBC}") = "009 - practice2 - fiveDivisible", "009 - practice - fiveDivisible\009 - practice2 - fiveDivisible.csproj", "{001BF42F-07A8-4E70-8472-39533D8B9D20}"
EndProject
Project("{FAE04EC0-301F-11D3-BF4B-00C04F79EFBC}") = "010 - practice3 - primeNumbers", "010 - practice - primeNumbers\010 - practice3 - primeNumbers.csproj", "{A241DA09-AF4D-4DBA-88AC-134D7C93E8C9}"
EndProject
Project("{FAE04EC0-301F-11D3-BF4B-00C04F79EFBC}") = "011 - practice4 - fibonacci", "011 - practice - fibonacci\011 - practice4 - fibonacci.csproj", "{933F521E-7B7D-4186-BD78-982A6B9E2FBF}"
EndProject
Project("{FAE04EC0-301F-11D3-BF4B-00C04F79EFBC}") = "012 - practice5 - wordGuessingGame", "012 - practice5 - wordGuessingGame\012 - practice5 - wordGuessingGame.csproj", "{E24B9C03-E8A1-4CE4-BAAA-C2C74D0AD069}"
EndProject
Project("{FAE04EC0-301F-11D3-BF4B-00C04F79EFBC}") = "013 - models", "013 - models\013 - models.csproj", "{C9733966-3B57-45F8-820C-7CF7C716265C}"
EndProject
Project("{FAE04EC0-301F-11D3-BF4B-00C04F79EFBC}") = "014 - firstWindowsForm", "014 - firstWindowsForm\014 - firstWindowsForm.csproj", "{9B88EF79-60A6-4A78-8CB8-E75763AF98A7}"
EndProject
Project("{FAE04EC0-301F-11D3-BF4B-00C04F79EFBC}") = "006 - switchCase", "006 - switchCase\006 - switchCase.csproj", "{62B90E8A-77F7-4D1D-A044-C789D070D49E}"
EndProject
Project("{FAE04EC0-301F-11D3-BF4B-00C04F79EFBC}") = "007 - collections", "007 - collections\007 - collections.csproj", "{4162BBEC-F436-4E2A-920A-FF7F53392AEB}"
EndProject
Global
	GlobalSection(SolutionConfigurationPlatforms) = preSolution
		Debug|Any CPU = Debug|Any CPU
		Release|Any CPU = Release|Any CPU
	EndGlobalSection
	GlobalSection(ProjectConfigurationPlatforms) = postSolution
		{8A7B7668-9642-410B-9C8D-9FDC3698D09C}.Debug|Any CPU.ActiveCfg = Debug|Any CPU
		{8A7B7668-9642-410B-9C8D-9FDC3698D09C}.Debug|Any CPU.Build.0 = Debug|Any CPU
		{8A7B7668-9642-410B-9C8D-9FDC3698D09C}.Release|Any CPU.ActiveCfg = Release|Any CPU
		{8A7B7668-9642-410B-9C8D-9FDC3698D09C}.Release|Any CPU.Build.0 = Release|Any CPU
		{1E3E8C78-AD96-474E-9C3F-CD3B6562B1E5}.Debug|Any CPU.ActiveCfg = Debug|Any CPU
		{1E3E8C78-AD96-474E-9C3F-CD3B6562B1E5}.Debug|Any CPU.Build.0 = Debug|Any CPU
		{1E3E8C78-AD96-474E-9C3F-CD3B6562B1E5}.Release|Any CPU.ActiveCfg = Release|Any CPU
		{1E3E8C78-AD96-474E-9C3F-CD3B6562B1E5}.Release|Any CPU.Build.0 = Release|Any CPU
		{05DA1CD6-8142-4C14-91C4-231618AE8EC8}.Debug|Any CPU.ActiveCfg = Debug|Any CPU
		{05DA1CD6-8142-4C14-91C4-231618AE8EC8}.Debug|Any CPU.Build.0 = Debug|Any CPU
		{05DA1CD6-8142-4C14-91C4-231618AE8EC8}.Release|Any CPU.ActiveCfg = Release|Any CPU
		{05DA1CD6-8142-4C14-91C4-231618AE8EC8}.Release|Any CPU.Build.0 = Release|Any CPU
		{F02B4DD7-F081-42C7-A70B-696C1C826FB3}.Debug|Any CPU.ActiveCfg = Debug|Any CPU
		{F02B4DD7-F081-42C7-A70B-696C1C826FB3}.Debug|Any CPU.Build.0 = Debug|Any CPU
		{F02B4DD7-F081-42C7-A70B-696C1C826FB3}.Release|Any CPU.ActiveCfg = Release|Any CPU
		{F02B4DD7-F081-42C7-A70B-696C1C826FB3}.Release|Any CPU.Build.0 = Release|Any CPU
		{1EDA86FC-ED36-43F7-B9B0-4168B67803A1}.Debug|Any CPU.ActiveCfg = Debug|Any CPU
		{1EDA86FC-ED36-43F7-B9B0-4168B67803A1}.Debug|Any CPU.Build.0 = Debug|Any CPU
		{1EDA86FC-ED36-43F7-B9B0-4168B67803A1}.Release|Any CPU.ActiveCfg = Release|Any CPU
		{1EDA86FC-ED36-43F7-B9B0-4168B67803A1}.Release|Any CPU.Build.0 = Release|Any CPU
		{8E0E8693-63BF-4F19-BC23-75552C229C49}.Debug|Any CPU.ActiveCfg = Debug|Any CPU
		{8E0E8693-63BF-4F19-BC23-75552C229C49}.Debug|Any CPU.Build.0 = Debug|Any CPU
		{8E0E8693-63BF-4F19-BC23-75552C229C49}.Release|Any CPU.ActiveCfg = Release|Any CPU
		{8E0E8693-63BF-4F19-BC23-75552C229C49}.Release|Any CPU.Build.0 = Release|Any CPU
		{001BF42F-07A8-4E70-8472-39533D8B9D20}.Debug|Any CPU.ActiveCfg = Debug|Any CPU
		{001BF42F-07A8-4E70-8472-39533D8B9D20}.Debug|Any CPU.Build.0 = Debug|Any CPU
		{001BF42F-07A8-4E70-8472-39533D8B9D20}.Release|Any CPU.ActiveCfg = Release|Any CPU
		{001BF42F-07A8-4E70-8472-39533D8B9D20}.Release|Any CPU.Build.0 = Release|Any CPU
		{A241DA09-AF4D-4DBA-88AC-134D7C93E8C9}.Debug|Any CPU.ActiveCfg = Debug|Any CPU
		{A241DA09-AF4D-4DBA-88AC-134D7C93E8C9}.Debug|Any CPU.Build.0 = Debug|Any CPU
		{A241DA09-AF4D-4DBA-88AC-134D7C93E8C9}.Release|Any CPU.ActiveCfg = Release|Any CPU
		{A241DA09-AF4D-4DBA-88AC-134D7C93E8C9}.Release|Any CPU.Build.0 = Release|Any CPU
		{933F521E-7B7D-4186-BD78-982A6B9E2FBF}.Debug|Any CPU.ActiveCfg = Debug|Any CPU
		{933F521E-7B7D-4186-BD78-982A6B9E2FBF}.Debug|Any CPU.Build.0 = Debug|Any CPU
		{933F521E-7B7D-4186-BD78-982A6B9E2FBF}.Release|Any CPU.ActiveCfg = Release|Any CPU
		{933F521E-7B7D-4186-BD78-982A6B9E2FBF}.Release|Any CPU.Build.0 = Release|Any CPU
		{E24B9C03-E8A1-4CE4-BAAA-C2C74D0AD069}.Debug|Any CPU.ActiveCfg = Debug|Any CPU
		{E24B9C03-E8A1-4CE4-BAAA-C2C74D0AD069}.Debug|Any CPU.Build.0 = Debug|Any CPU
		{E24B9C03-E8A1-4CE4-BAAA-C2C74D0AD069}.Release|Any CPU.ActiveCfg = Release|Any CPU
		{E24B9C03-E8A1-4CE4-BAAA-C2C74D0AD069}.Release|Any CPU.Build.0 = Release|Any CPU
		{C9733966-3B57-45F8-820C-7CF7C716265C}.Debug|Any CPU.ActiveCfg = Debug|Any CPU
		{C9733966-3B57-45F8-820C-7CF7C716265C}.Debug|Any CPU.Build.0 = Debug|Any CPU
		{C9733966-3B57-45F8-820C-7CF7C716265C}.Release|Any CPU.ActiveCfg = Release|Any CPU
		{C9733966-3B57-45F8-820C-7CF7C716265C}.Release|Any CPU.Build.0 = Release|Any CPU
		{9B88EF79-60A6-4A78-8CB8-E75763AF98A7}.Debug|Any CPU.ActiveCfg = Debug|Any CPU
		{9B88EF79-60A6-4A78-8CB8-E75763AF98A7}.Debug|Any CPU.Build.0 = Debug|Any CPU
		{9B88EF79-60A6-4A78-8CB8-E75763AF98A7}.Release|Any CPU.ActiveCfg = Release|Any CPU
		{9B88EF79-60A6-4A78-8CB8-E75763AF98A7}.Release|Any CPU.Build.0 = Release|Any CPU
		{62B90E8A-77F7-4D1D-A044-C789D070D49E}.Debug|Any CPU.ActiveCfg = Debug|Any CPU
		{62B90E8A-77F7-4D1D-A044-C789D070D49E}.Debug|Any CPU.Build.0 = Debug|Any CPU
		{62B90E8A-77F7-4D1D-A044-C789D070D49E}.Release|Any CPU.ActiveCfg = Release|Any CPU
		{62B90E8A-77F7-4D1D-A044-C789D070D49E}.Release|Any CPU.Build.0 = Release|Any CPU
		{4162BBEC-F436-4E2A-920A-FF7F53392AEB}.Debug|Any CPU.ActiveCfg = Debug|Any CPU
		{4162BBEC-F436-4E2A-920A-FF7F53392AEB}.Debug|Any CPU.Build.0 = Debug|Any CPU
		{4162BBEC-F436-4E2A-920A-FF7F53392AEB}.Release|Any CPU.ActiveCfg = Release|Any CPU
		{4162BBEC-F436-4E2A-920A-FF7F53392AEB}.Release|Any CPU.Build.0 = Release|Any CPU
	EndGlobalSection
	GlobalSection(SolutionProperties) = preSolution
		HideSolutionNode = FALSE
	EndGlobalSection
EndGlobal
